
Microsoft Visual Studio Solution File, Format Version 12.00
# Visual Studio Version 16
VisualStudioVersion = 16.0.31424.327
MinimumVisualStudioVersion = 10.0.40219.1
Project("{FAE04EC0-301F-11D3-BF4B-00C04F79EFBC}") = "candle", "candle\candle.csproj", "{DD61B659-5F5A-45FA-BA77-09B8813ED682}"
EndProject
Global
	GlobalSection(SolutionConfigurationPlatforms) = preSolution
		Debug|Any CPU = Debug|Any CPU
		Release|Any CPU = Release|Any CPU
	EndGlobalSection
	GlobalSection(ProjectConfigurationPlatforms) = postSolution
		{DD61B659-5F5A-45FA-BA77-09B8813ED682}.Debug|Any CPU.ActiveCfg = Debug|Any CPU
		{DD61B659-5F5A-45FA-BA77-09B8813ED682}.Debug|Any CPU.Build.0 = Debug|Any CPU
		{DD61B659-5F5A-45FA-BA77-09B8813ED682}.Release|Any CPU.ActiveCfg = Release|Any CPU
		{DD61B659-5F5A-45FA-BA77-09B8813ED682}.Release|Any CPU.Build.0 = Release|Any CPU
	EndGlobalSection
	GlobalSection(SolutionProperties) = preSolution
		HideSolutionNode = FALSE
	EndGlobalSection
	GlobalSection(ExtensibilityGlobals) = postSolution
		SolutionGuid = {F27A7F9F-E7DA-4877-9782-7D6F76428014}
	EndGlobalSection
EndGlobal
